// !$*UTF8*$!
{
	archiveVersion = 1;
	classes = {
	};
	objectVersion = 56;
	objects = {

/* Begin PBXBuildFile section */
		AB2BAE692BDBFBE800613055 /* AppDelegate.swift in Sources */ = {isa = PBXBuildFile; fileRef = AB2BAE682BDBFBE800613055 /* AppDelegate.swift */; };
		AB2BAE6B2BDBFBE800613055 /* SceneDelegate.swift in Sources */ = {isa = PBXBuildFile; fileRef = AB2BAE6A2BDBFBE800613055 /* SceneDelegate.swift */; };
		AB2BAE6D2BDBFBE800613055 /* ViewController.swift in Sources */ = {isa = PBXBuildFile; fileRef = AB2BAE6C2BDBFBE800613055 /* ViewController.swift */; };
		AB2BAE702BDBFBE800613055 /* Base in Resources */ = {isa = PBXBuildFile; fileRef = AB2BAE6F2BDBFBE800613055 /* Base */; };
		AB2BAE722BDBFBE900613055 /* Assets.xcassets in Resources */ = {isa = PBXBuildFile; fileRef = AB2BAE712BDBFBE900613055 /* Assets.xcassets */; };
		AB2BAE752BDBFBE900613055 /* Base in Resources */ = {isa = PBXBuildFile; fileRef = AB2BAE742BDBFBE900613055 /* Base */; };
		AB2BAE7D2BDC12EC00613055 /* HomeSectionHeader.swift in Sources */ = {isa = PBXBuildFile; fileRef = AB2BAE7C2BDC12EC00613055 /* HomeSectionHeader.swift */; };
		AB2BAE7F2BDC218100613055 /* SelfCofiguringMovieCell.swift in Sources */ = {isa = PBXBuildFile; fileRef = AB2BAE7E2BDC218100613055 /* SelfCofiguringMovieCell.swift */; };
		AB2BAE812BDC21BF00613055 /* MovieCell.swift in Sources */ = {isa = PBXBuildFile; fileRef = AB2BAE802BDC21BF00613055 /* MovieCell.swift */; };
		AB2BAE832BDC220B00613055 /* HeroCell.swift in Sources */ = {isa = PBXBuildFile; fileRef = AB2BAE822BDC220B00613055 /* HeroCell.swift */; };
		ABDB4EA82BDC92AD00EB35FD /* Movie.json in Resources */ = {isa = PBXBuildFile; fileRef = ABDB4EA72BDC92AD00EB35FD /* Movie.json */; };
		ABDB4EAA2BDC969900EB35FD /* Movie.swift in Sources */ = {isa = PBXBuildFile; fileRef = ABDB4EA92BDC969900EB35FD /* Movie.swift */; };
/* End PBXBuildFile section */

/* Begin PBXFileReference section */
		AB2BAE652BDBFBE800613055 /* NetflixApp.app */ = {isa = PBXFileReference; explicitFileType = wrapper.application; includeInIndex = 0; path = NetflixApp.app; sourceTree = BUILT_PRODUCTS_DIR; };
		AB2BAE682BDBFBE800613055 /* AppDelegate.swift */ = {isa = PBXFileReference; lastKnownFileType = sourcecode.swift; path = AppDelegate.swift; sourceTree = "<group>"; };
		AB2BAE6A2BDBFBE800613055 /* SceneDelegate.swift */ = {isa = PBXFileReference; lastKnownFileType = sourcecode.swift; path = SceneDelegate.swift; sourceTree = "<group>"; };
		AB2BAE6C2BDBFBE800613055 /* ViewController.swift */ = {isa = PBXFileReference; lastKnownFileType = sourcecode.swift; path = ViewController.swift; sourceTree = "<group>"; };
		AB2BAE6F2BDBFBE800613055 /* Base */ = {isa = PBXFileReference; lastKnownFileType = file.storyboard; name = Base; path = Base.lproj/Main.storyboard; sourceTree = "<group>"; };
		AB2BAE712BDBFBE900613055 /* Assets.xcassets */ = {isa = PBXFileReference; lastKnownFileType = folder.assetcatalog; path = Assets.xcassets; sourceTree = "<group>"; };
		AB2BAE742BDBFBE900613055 /* Base */ = {isa = PBXFileReference; lastKnownFileType = file.storyboard; name = Base; path = Base.lproj/LaunchScreen.storyboard; sourceTree = "<group>"; };
		AB2BAE762BDBFBE900613055 /* Info.plist */ = {isa = PBXFileReference; lastKnownFileType = text.plist.xml; path = Info.plist; sourceTree = "<group>"; };
		AB2BAE7C2BDC12EC00613055 /* HomeSectionHeader.swift */ = {isa = PBXFileReference; lastKnownFileType = sourcecode.swift; path = HomeSectionHeader.swift; sourceTree = "<group>"; };
		AB2BAE7E2BDC218100613055 /* SelfCofiguringMovieCell.swift */ = {isa = PBXFileReference; lastKnownFileType = sourcecode.swift; path = SelfCofiguringMovieCell.swift; sourceTree = "<group>"; };
		AB2BAE802BDC21BF00613055 /* MovieCell.swift */ = {isa = PBXFileReference; lastKnownFileType = sourcecode.swift; path = MovieCell.swift; sourceTree = "<group>"; };
		AB2BAE822BDC220B00613055 /* HeroCell.swift */ = {isa = PBXFileReference; lastKnownFileType = sourcecode.swift; path = HeroCell.swift; sourceTree = "<group>"; };
		ABDB4EA72BDC92AD00EB35FD /* Movie.json */ = {isa = PBXFileReference; lastKnownFileType = text.json; path = Movie.json; sourceTree = "<group>"; };
		ABDB4EA92BDC969900EB35FD /* Movie.swift */ = {isa = PBXFileReference; lastKnownFileType = sourcecode.swift; path = Movie.swift; sourceTree = "<group>"; };
/* End PBXFileReference section */

/* Begin PBXFrameworksBuildPhase section */
		AB2BAE622BDBFBE800613055 /* Frameworks */ = {
			isa = PBXFrameworksBuildPhase;
			buildActionMask = 2147483647;
			files = (
			);
			runOnlyForDeploymentPostprocessing = 0;
		};
/* End PBXFrameworksBuildPhase section */

/* Begin PBXGroup section */
		AB2BAE5C2BDBFBE800613055 = {
			isa = PBXGroup;
			children = (
				AB2BAE672BDBFBE800613055 /* NetflixApp */,
				AB2BAE662BDBFBE800613055 /* Products */,
			);
			sourceTree = "<group>";
		};
		AB2BAE662BDBFBE800613055 /* Products */ = {
			isa = PBXGroup;
			children = (
				AB2BAE652BDBFBE800613055 /* NetflixApp.app */,
			);
			name = Products;
			sourceTree = "<group>";
		};
		AB2BAE672BDBFBE800613055 /* NetflixApp */ = {
			isa = PBXGroup;
			children = (
				AB2BAE682BDBFBE800613055 /* AppDelegate.swift */,
				AB2BAE6A2BDBFBE800613055 /* SceneDelegate.swift */,
				AB2BAE6C2BDBFBE800613055 /* ViewController.swift */,
				AB2BAE7C2BDC12EC00613055 /* HomeSectionHeader.swift */,
				AB2BAE7E2BDC218100613055 /* SelfCofiguringMovieCell.swift */,
				AB2BAE802BDC21BF00613055 /* MovieCell.swift */,
				AB2BAE822BDC220B00613055 /* HeroCell.swift */,
				ABDB4EA72BDC92AD00EB35FD /* Movie.json */,
				ABDB4EA92BDC969900EB35FD /* Movie.swift */,
				AB2BAE6E2BDBFBE800613055 /* Main.storyboard */,
				AB2BAE712BDBFBE900613055 /* Assets.xcassets */,
				AB2BAE732BDBFBE900613055 /* LaunchScreen.storyboard */,
				AB2BAE762BDBFBE900613055 /* Info.plist */,
			);
			path = NetflixApp;
			sourceTree = "<group>";
		};
/* End PBXGroup section */

/* Begin PBXNativeTarget section */
		AB2BAE642BDBFBE800613055 /* NetflixApp */ = {
			isa = PBXNativeTarget;
			buildConfigurationList = AB2BAE792BDBFBE900613055 /* Build configuration list for PBXNativeTarget "NetflixApp" */;
			buildPhases = (
				AB2BAE612BDBFBE800613055 /* Sources */,
				AB2BAE622BDBFBE800613055 /* Frameworks */,
				AB2BAE632BDBFBE800613055 /* Resources */,
			);
			buildRules = (
			);
			dependencies = (
			);
			name = NetflixApp;
			productName = NetflixApp;
			productReference = AB2BAE652BDBFBE800613055 /* NetflixApp.app */;
			productType = "com.apple.product-type.application";
		};
/* End PBXNativeTarget section */

/* Begin PBXProject section */
		AB2BAE5D2BDBFBE800613055 /* Project object */ = {
			isa = PBXProject;
			attributes = {
				BuildIndependentTargetsInParallel = 1;
				LastSwiftUpdateCheck = 1530;
				LastUpgradeCheck = 1530;
				TargetAttributes = {
					AB2BAE642BDBFBE800613055 = {
						CreatedOnToolsVersion = 15.3;
					};
				};
			};
			buildConfigurationList = AB2BAE602BDBFBE800613055 /* Build configuration list for PBXProject "NetflixApp" */;
			compatibilityVersion = "Xcode 14.0";
			developmentRegion = en;
			hasScannedForEncodings = 0;
			knownRegions = (
				en,
				Base,
			);
			mainGroup = AB2BAE5C2BDBFBE800613055;
			productRefGroup = AB2BAE662BDBFBE800613055 /* Products */;
			projectDirPath = "";
			projectRoot = "";
			targets = (
				AB2BAE642BDBFBE800613055 /* NetflixApp */,
			);
		};
/* End PBXProject section */

/* Begin PBXResourcesBuildPhase section */
		AB2BAE632BDBFBE800613055 /* Resources */ = {
			isa = PBXResourcesBuildPhase;
			buildActionMask = 2147483647;
			files = (
				AB2BAE722BDBFBE900613055 /* Assets.xcassets in Resources */,
				AB2BAE752BDBFBE900613055 /* Base in Resources */,
				ABDB4EA82BDC92AD00EB35FD /* Movie.json in Resources */,
				AB2BAE702BDBFBE800613055 /* Base in Resources */,
			);
			runOnlyForDeploymentPostprocessing = 0;
		};
/* End PBXResourcesBuildPhase section */

/* Begin PBXSourcesBuildPhase section */
		AB2BAE612BDBFBE800613055 /* Sources */ = {
			isa = PBXSourcesBuildPhase;
			buildActionMask = 2147483647;
			files = (
				AB2BAE6D2BDBFBE800613055 /* ViewController.swift in Sources */,
				AB2BAE7D2BDC12EC00613055 /* HomeSectionHeader.swift in Sources */,
				AB2BAE812BDC21BF00613055 /* MovieCell.swift in Sources */,
				AB2BAE7F2BDC218100613055 /* SelfCofiguringMovieCell.swift in Sources */,
				AB2BAE692BDBFBE800613055 /* AppDelegate.swift in Sources */,
				AB2BAE832BDC220B00613055 /* HeroCell.swift in Sources */,
				ABDB4EAA2BDC969900EB35FD /* Movie.swift in Sources */,
				AB2BAE6B2BDBFBE800613055 /* SceneDelegate.swift in Sources */,
			);
			runOnlyForDeploymentPostprocessing = 0;
		};
/* End PBXSourcesBuildPhase section */

/* Begin PBXVariantGroup section */
		AB2BAE6E2BDBFBE800613055 /* Main.storyboard */ = {
			isa = PBXVariantGroup;
			children = (
				AB2BAE6F2BDBFBE800613055 /* Base */,
			);
			name = Main.storyboard;
			sourceTree = "<group>";
		};
		AB2BAE732BDBFBE900613055 /* LaunchScreen.storyboard */ = {
			isa = PBXVariantGroup;
			children = (
				AB2BAE742BDBFBE900613055 /* Base */,
			);
			name = LaunchScreen.storyboard;
			sourceTree = "<group>";
		};
/* End PBXVariantGroup section */

/* Begin XCBuildConfiguration section */
		AB2BAE772BDBFBE900613055 /* Debug */ = {
			isa = XCBuildConfiguration;
			buildSettings = {
				ALWAYS_SEARCH_USER_PATHS = NO;
				ASSETCATALOG_COMPILER_GENERATE_SWIFT_ASSET_SYMBOL_EXTENSIONS = YES;
				CLANG_ANALYZER_NONNULL = YES;
				CLANG_ANALYZER_NUMBER_OBJECT_CONVERSION = YES_AGGRESSIVE;
				CLANG_CXX_LANGUAGE_STANDARD = "gnu++20";
				CLANG_ENABLE_MODULES = YES;
				CLANG_ENABLE_OBJC_ARC = YES;
				CLANG_ENABLE_OBJC_WEAK = YES;
				CLANG_WARN_BLOCK_CAPTURE_AUTORELEASING = YES;
				CLANG_WARN_BOOL_CONVERSION = YES;
				CLANG_WARN_COMMA = YES;
				CLANG_WARN_CONSTANT_CONVERSION = YES;
				CLANG_WARN_DEPRECATED_OBJC_IMPLEMENTATIONS = YES;
				CLANG_WARN_DIRECT_OBJC_ISA_USAGE = YES_ERROR;
				CLANG_WARN_DOCUMENTATION_COMMENTS = YES;
				CLANG_WARN_EMPTY_BODY = YES;
				CLANG_WARN_ENUM_CONVERSION = YES;
				CLANG_WARN_INFINITE_RECURSION = YES;
				CLANG_WARN_INT_CONVERSION = YES;
				CLANG_WARN_NON_LITERAL_NULL_CONVERSION = YES;
				CLANG_WARN_OBJC_IMPLICIT_RETAIN_SELF = YES;
				CLANG_WARN_OBJC_LITERAL_CONVERSION = YES;
				CLANG_WARN_OBJC_ROOT_CLASS = YES_ERROR;
				CLANG_WARN_QUOTED_INCLUDE_IN_FRAMEWORK_HEADER = YES;
				CLANG_WARN_RANGE_LOOP_ANALYSIS = YES;
				CLANG_WARN_STRICT_PROTOTYPES = YES;
				CLANG_WARN_SUSPICIOUS_MOVE = YES;
				CLANG_WARN_UNGUARDED_AVAILABILITY = YES_AGGRESSIVE;
				CLANG_WARN_UNREACHABLE_CODE = YES;
				CLANG_WARN__DUPLICATE_METHOD_MATCH = YES;
				COPY_PHASE_STRIP = NO;
				DEBUG_INFORMATION_FORMAT = dwarf;
				ENABLE_STRICT_OBJC_MSGSEND = YES;
				ENABLE_TESTABILITY = YES;
				ENABLE_USER_SCRIPT_SANDBOXING = YES;
				GCC_C_LANGUAGE_STANDARD = gnu17;
				GCC_DYNAMIC_NO_PIC = NO;
				GCC_NO_COMMON_BLOCKS = YES;
				GCC_OPTIMIZATION_LEVEL = 0;
				GCC_PREPROCESSOR_DEFINITIONS = (
					"DEBUG=1",
					"$(inherited)",
				);
				GCC_WARN_64_TO_32_BIT_CONVERSION = YES;
				GCC_WARN_ABOUT_RETURN_TYPE = YES_ERROR;
				GCC_WARN_UNDECLARED_SELECTOR = YES;
				GCC_WARN_UNINITIALIZED_AUTOS = YES_AGGRESSIVE;
				GCC_WARN_UNUSED_FUNCTION = YES;
				GCC_WARN_UNUSED_VARIABLE = YES;
				IPHONEOS_DEPLOYMENT_TARGET = 17.4;
				LOCALIZATION_PREFERS_STRING_CATALOGS = YES;
				MTL_ENABLE_DEBUG_INFO = INCLUDE_SOURCE;
				MTL_FAST_MATH = YES;
				ONLY_ACTIVE_ARCH = YES;
				SDKROOT = iphoneos;
				SWIFT_ACTIVE_COMPILATION_CONDITIONS = "DEBUG $(inherited)";
				SWIFT_OPTIMIZATION_LEVEL = "-Onone";
			};
			name = Debug;
		};
		AB2BAE782BDBFBE900613055 /* Release */ = {
			isa = XCBuildConfiguration;
			buildSettings = {
				ALWAYS_SEARCH_USER_PATHS = NO;
				ASSETCATALOG_COMPILER_GENERATE_SWIFT_ASSET_SYMBOL_EXTENSIONS = YES;
				CLANG_ANALYZER_NONNULL = YES;
				CLANG_ANALYZER_NUMBER_OBJECT_CONVERSION = YES_AGGRESSIVE;
				CLANG_CXX_LANGUAGE_STANDARD = "gnu++20";
				CLANG_ENABLE_MODULES = YES;
				CLANG_ENABLE_OBJC_ARC = YES;
				CLANG_ENABLE_OBJC_WEAK = YES;
				CLANG_WARN_BLOCK_CAPTURE_AUTORELEASING = YES;
				CLANG_WARN_BOOL_CONVERSION = YES;
				CLANG_WARN_COMMA = YES;
				CLANG_WARN_CONSTANT_CONVERSION = YES;
				CLANG_WARN_DEPRECATED_OBJC_IMPLEMENTATIONS = YES;
				CLANG_WARN_DIRECT_OBJC_ISA_USAGE = YES_ERROR;
				CLANG_WARN_DOCUMENTATION_COMMENTS = YES;
				CLANG_WARN_EMPTY_BODY = YES;
				CLANG_WARN_ENUM_CONVERSION = YES;
				CLANG_WARN_INFINITE_RECURSION = YES;
				CLANG_WARN_INT_CONVERSION = YES;
				CLANG_WARN_NON_LITERAL_NULL_CONVERSION = YES;
				CLANG_WARN_OBJC_IMPLICIT_RETAIN_SELF = YES;
				CLANG_WARN_OBJC_LITERAL_CONVERSION = YES;
				CLANG_WARN_OBJC_ROOT_CLASS = YES_ERROR;
				CLANG_WARN_QUOTED_INCLUDE_IN_FRAMEWORK_HEADER = YES;
				CLANG_WARN_RANGE_LOOP_ANALYSIS = YES;
				CLANG_WARN_STRICT_PROTOTYPES = YES;
				CLANG_WARN_SUSPICIOUS_MOVE = YES;
				CLANG_WARN_UNGUARDED_AVAILABILITY = YES_AGGRESSIVE;
				CLANG_WARN_UNREACHABLE_CODE = YES;
				CLANG_WARN__DUPLICATE_METHOD_MATCH = YES;
				COPY_PHASE_STRIP = NO;
				DEBUG_INFORMATION_FORMAT = "dwarf-with-dsym";
				ENABLE_NS_ASSERTIONS = NO;
				ENABLE_STRICT_OBJC_MSGSEND = YES;
				ENABLE_USER_SCRIPT_SANDBOXING = YES;
				GCC_C_LANGUAGE_STANDARD = gnu17;
				GCC_NO_COMMON_BLOCKS = YES;
				GCC_WARN_64_TO_32_BIT_CONVERSION = YES;
				GCC_WARN_ABOUT_RETURN_TYPE = YES_ERROR;
				GCC_WARN_UNDECLARED_SELECTOR = YES;
				GCC_WARN_UNINITIALIZED_AUTOS = YES_AGGRESSIVE;
				GCC_WARN_UNUSED_FUNCTION = YES;
				GCC_WARN_UNUSED_VARIABLE = YES;
				IPHONEOS_DEPLOYMENT_TARGET = 17.4;
				LOCALIZATION_PREFERS_STRING_CATALOGS = YES;
				MTL_ENABLE_DEBUG_INFO = NO;
				MTL_FAST_MATH = YES;
				SDKROOT = iphoneos;
				SWIFT_COMPILATION_MODE = wholemodule;
				VALIDATE_PRODUCT = YES;
			};
			name = Release;
		};
		AB2BAE7A2BDBFBE900613055 /* Debug */ = {
			isa = XCBuildConfiguration;
			buildSettings = {
				ASSETCATALOG_COMPILER_APPICON_NAME = AppIcon;
				ASSETCATALOG_COMPILER_GLOBAL_ACCENT_COLOR_NAME = AccentColor;
				CODE_SIGN_STYLE = Automatic;
				CURRENT_PROJECT_VERSION = 1;
				DEVELOPMENT_TEAM = 723HTEFHBA;
				GENERATE_INFOPLIST_FILE = YES;
				INFOPLIST_FILE = NetflixApp/Info.plist;
				INFOPLIST_KEY_UIApplicationSupportsIndirectInputEvents = YES;
				INFOPLIST_KEY_UILaunchStoryboardName = LaunchScreen;
				INFOPLIST_KEY_UIMainStoryboardFile = Main;
				INFOPLIST_KEY_UISupportedInterfaceOrientations_iPad = "UIInterfaceOrientationPortrait UIInterfaceOrientationPortraitUpsideDown UIInterfaceOrientationLandscapeLeft UIInterfaceOrientationLandscapeRight";
				INFOPLIST_KEY_UISupportedInterfaceOrientations_iPhone = "UIInterfaceOrientationPortrait UIInterfaceOrientationLandscapeLeft UIInterfaceOrientationLandscapeRight";
				INFOPLIST_KEY_UIUserInterfaceStyle = Dark;
				LD_RUNPATH_SEARCH_PATHS = (
					"$(inherited)",
					"@executable_path/Frameworks",
				);
				MARKETING_VERSION = 1.0;
				PRODUCT_BUNDLE_IDENTIFIER = ru.fibeapp.NetflixApp;
				PRODUCT_NAME = "$(TARGET_NAME)";
				SWIFT_EMIT_LOC_STRINGS = YES;
				SWIFT_VERSION = 5.0;
				TARGETED_DEVICE_FAMILY = "1,2";
			};
			name = Debug;
		};
		AB2BAE7B2BDBFBE900613055 /* Release */ = {
			isa = XCBuildConfiguration;
			buildSettings = {
				ASSETCATALOG_COMPILER_APPICON_NAME = AppIcon;
				ASSETCATALOG_COMPILER_GLOBAL_ACCENT_COLOR_NAME = AccentColor;
				CODE_SIGN_STYLE = Automatic;
				CURRENT_PROJECT_VERSION = 1;
				DEVELOPMENT_TEAM = 723HTEFHBA;
				GENERATE_INFOPLIST_FILE = YES;
				INFOPLIST_FILE = NetflixApp/Info.plist;
				INFOPLIST_KEY_UIApplicationSupportsIndirectInputEvents = YES;
				INFOPLIST_KEY_UILaunchStoryboardName = LaunchScreen;
				INFOPLIST_KEY_UIMainStoryboardFile = Main;
				INFOPLIST_KEY_UISupportedInterfaceOrientations_iPad = "UIInterfaceOrientationPortrait UIInterfaceOrientationPortraitUpsideDown UIInterfaceOrientationLandscapeLeft UIInterfaceOrientationLandscapeRight";
				INFOPLIST_KEY_UISupportedInterfaceOrientations_iPhone = "UIInterfaceOrientationPortrait UIInterfaceOrientationLandscapeLeft UIInterfaceOrientationLandscapeRight";
				INFOPLIST_KEY_UIUserInterfaceStyle = Dark;
				LD_RUNPATH_SEARCH_PATHS = (
					"$(inherited)",
					"@executable_path/Frameworks",
				);
				MARKETING_VERSION = 1.0;
				PRODUCT_BUNDLE_IDENTIFIER = ru.fibeapp.NetflixApp;
				PRODUCT_NAME = "$(TARGET_NAME)";
				SWIFT_EMIT_LOC_STRINGS = YES;
				SWIFT_VERSION = 5.0;
				TARGETED_DEVICE_FAMILY = "1,2";
			};
			name = Release;
		};
/* End XCBuildConfiguration section */

/* Begin XCConfigurationList section */
		AB2BAE602BDBFBE800613055 /* Build configuration list for PBXProject "NetflixApp" */ = {
			isa = XCConfigurationList;
			buildConfigurations = (
				AB2BAE772BDBFBE900613055 /* Debug */,
				AB2BAE782BDBFBE900613055 /* Release */,
			);
			defaultConfigurationIsVisible = 0;
			defaultConfigurationName = Release;
		};
		AB2BAE792BDBFBE900613055 /* Build configuration list for PBXNativeTarget "NetflixApp" */ = {
			isa = XCConfigurationList;
			buildConfigurations = (
				AB2BAE7A2BDBFBE900613055 /* Debug */,
				AB2BAE7B2BDBFBE900613055 /* Release */,
			);
			defaultConfigurationIsVisible = 0;
			defaultConfigurationName = Release;
		};
/* End XCConfigurationList section */
	};
	rootObject = AB2BAE5D2BDBFBE800613055 /* Project object */;
}
